
Microsoft Visual Studio Solution File, Format Version 12.00
# Visual Studio Version 17
VisualStudioVersion = 17.7.34031.279
MinimumVisualStudioVersion = 10.0.40219.1
Project("{9A19103F-16F7-4668-BE54-9A1E7A4F7556}") = "RPNCalcCLI", "RPNCalc\RPNCalcCLI.csproj", "{EDDF600D-F920-4FED-AF98-CE09C9305590}"
EndProject
Project("{9A19103F-16F7-4668-BE54-9A1E7A4F7556}") = "RPNCalcLib", "RPNCalcLib\RPNCalcLib.csproj", "{6EC6E452-80E0-4F56-A7EA-8CBFA0D1559D}"
EndProject
Project("{9A19103F-16F7-4668-BE54-9A1E7A4F7556}") = "RPNCalcTest", "RPNCalcTest\RPNCalcTest.csproj", "{2DE2F514-5B14-49CF-BAFB-1112B5114FFD}"
EndProject
Project("{9A19103F-16F7-4668-BE54-9A1E7A4F7556}") = "RPNCalcUI", "RPNCalcUI\RPNCalcUI.csproj", "{52DEE784-9A76-4399-9D5D-12352184B22D}"
EndProject
Project("{9A19103F-16F7-4668-BE54-9A1E7A4F7556}") = "RPNCalcUI.Android", "RPNCalcUI.Android\RPNCalcUI.Android.csproj", "{49378E37-76A8-4C99-9339-502EF7856C05}"
EndProject
Project("{9A19103F-16F7-4668-BE54-9A1E7A4F7556}") = "RPNCalcUI.Desktop", "RPNCalcUI.Desktop\RPNCalcUI.Desktop.csproj", "{FD34C3E1-0F4B-427C-9818-BE7B973BD12B}"
EndProject
Project("{9A19103F-16F7-4668-BE54-9A1E7A4F7556}") = "RPNCalcUI.iOS", "RPNCalcUI.iOS\RPNCalcUI.iOS.csproj", "{281F033C-4F5C-4AEB-BB03-8FFEE8EB306F}"
EndProject
Project("{9A19103F-16F7-4668-BE54-9A1E7A4F7556}") = "RPNCalcUI.Browser", "RPNCalcUI.Browser\RPNCalcUI.Browser.csproj", "{BE92F58E-EBA3-4D78-96CE-3E496BD72B82}"
EndProject
Global
	GlobalSection(SolutionConfigurationPlatforms) = preSolution
		Debug|Any CPU = Debug|Any CPU
		Release|Any CPU = Release|Any CPU
	EndGlobalSection
	GlobalSection(ProjectConfigurationPlatforms) = postSolution
		{EDDF600D-F920-4FED-AF98-CE09C9305590}.Debug|Any CPU.ActiveCfg = Debug|Any CPU
		{EDDF600D-F920-4FED-AF98-CE09C9305590}.Debug|Any CPU.Build.0 = Debug|Any CPU
		{EDDF600D-F920-4FED-AF98-CE09C9305590}.Release|Any CPU.ActiveCfg = Release|Any CPU
		{EDDF600D-F920-4FED-AF98-CE09C9305590}.Release|Any CPU.Build.0 = Release|Any CPU
		{6EC6E452-80E0-4F56-A7EA-8CBFA0D1559D}.Debug|Any CPU.ActiveCfg = Debug|Any CPU
		{6EC6E452-80E0-4F56-A7EA-8CBFA0D1559D}.Debug|Any CPU.Build.0 = Debug|Any CPU
		{6EC6E452-80E0-4F56-A7EA-8CBFA0D1559D}.Release|Any CPU.ActiveCfg = Release|Any CPU
		{6EC6E452-80E0-4F56-A7EA-8CBFA0D1559D}.Release|Any CPU.Build.0 = Release|Any CPU
		{2DE2F514-5B14-49CF-BAFB-1112B5114FFD}.Debug|Any CPU.ActiveCfg = Debug|Any CPU
		{2DE2F514-5B14-49CF-BAFB-1112B5114FFD}.Debug|Any CPU.Build.0 = Debug|Any CPU
		{2DE2F514-5B14-49CF-BAFB-1112B5114FFD}.Release|Any CPU.ActiveCfg = Release|Any CPU
		{2DE2F514-5B14-49CF-BAFB-1112B5114FFD}.Release|Any CPU.Build.0 = Release|Any CPU
		{52DEE784-9A76-4399-9D5D-12352184B22D}.Debug|Any CPU.ActiveCfg = Debug|Any CPU
		{52DEE784-9A76-4399-9D5D-12352184B22D}.Debug|Any CPU.Build.0 = Debug|Any CPU
		{52DEE784-9A76-4399-9D5D-12352184B22D}.Release|Any CPU.ActiveCfg = Release|Any CPU
		{52DEE784-9A76-4399-9D5D-12352184B22D}.Release|Any CPU.Build.0 = Release|Any CPU
		{49378E37-76A8-4C99-9339-502EF7856C05}.Debug|Any CPU.ActiveCfg = Debug|Any CPU
		{49378E37-76A8-4C99-9339-502EF7856C05}.Debug|Any CPU.Build.0 = Debug|Any CPU
		{49378E37-76A8-4C99-9339-502EF7856C05}.Release|Any CPU.ActiveCfg = Release|Any CPU
		{49378E37-76A8-4C99-9339-502EF7856C05}.Release|Any CPU.Build.0 = Release|Any CPU
		{FD34C3E1-0F4B-427C-9818-BE7B973BD12B}.Debug|Any CPU.ActiveCfg = Debug|Any CPU
		{FD34C3E1-0F4B-427C-9818-BE7B973BD12B}.Debug|Any CPU.Build.0 = Debug|Any CPU
		{FD34C3E1-0F4B-427C-9818-BE7B973BD12B}.Release|Any CPU.ActiveCfg = Release|Any CPU
		{FD34C3E1-0F4B-427C-9818-BE7B973BD12B}.Release|Any CPU.Build.0 = Release|Any CPU
		{281F033C-4F5C-4AEB-BB03-8FFEE8EB306F}.Debug|Any CPU.ActiveCfg = Debug|Any CPU
		{281F033C-4F5C-4AEB-BB03-8FFEE8EB306F}.Debug|Any CPU.Build.0 = Debug|Any CPU
		{281F033C-4F5C-4AEB-BB03-8FFEE8EB306F}.Release|Any CPU.ActiveCfg = Release|Any CPU
		{281F033C-4F5C-4AEB-BB03-8FFEE8EB306F}.Release|Any CPU.Build.0 = Release|Any CPU
		{BE92F58E-EBA3-4D78-96CE-3E496BD72B82}.Debug|Any CPU.ActiveCfg = Debug|Any CPU
		{BE92F58E-EBA3-4D78-96CE-3E496BD72B82}.Debug|Any CPU.Build.0 = Debug|Any CPU
		{BE92F58E-EBA3-4D78-96CE-3E496BD72B82}.Release|Any CPU.ActiveCfg = Release|Any CPU
		{BE92F58E-EBA3-4D78-96CE-3E496BD72B82}.Release|Any CPU.Build.0 = Release|Any CPU
	EndGlobalSection
	GlobalSection(SolutionProperties) = preSolution
		HideSolutionNode = FALSE
	EndGlobalSection
	GlobalSection(ExtensibilityGlobals) = postSolution
		SolutionGuid = {BA083DDE-F8AC-4E2D-A6EE-6E79FD2CBE24}
	EndGlobalSection
EndGlobal
